dependencies:
- name: common
  repository: https://charts.bitnami.com/bitnami
  version: 1.17.1
- name: airbyte-bootloader
  repository: file://../airbyte-bootloader
  version: 1.1.2
- name: temporal
  repository: file://../airbyte-temporal
  version: 1.1.0
- name: temporal-ui
  repository: file://../airbyte-temporal-ui
  version: 1.1.0
- name: webapp
  repository: file://../airbyte-webapp
  version: 1.1.0
- name: server
  repository: file://../airbyte-server
  version: 1.1.0
- name: worker
  repository: file://../airbyte-worker
  version: 1.1.0
- name: workload-api-server
  repository: file://../airbyte-workload-api-server
  version: 1.1.0
- name: workload-launcher
  repository: file://../airbyte-workload-launcher
  version: 1.1.0
- name: pod-sweeper
  repository: file://../airbyte-pod-sweeper
  version: 1.1.0
- name: metrics
  repository: file://../airbyte-metrics
  version: 1.1.0
- name: cron
  repository: file://../airbyte-cron
  version: 1.1.0
- name: connector-builder-server
  repository: file://../airbyte-connector-builder-server
  version: 1.1.0
- name: keycloak
  repository: file://../airbyte-keycloak
  version: 1.1.0
- name: keycloak-setup
  repository: file://../airbyte-keycloak-setup
  version: 1.1.0
- name: featureflag-server
  repository: file://../airbyte-featureflag-server
  version: 0.399.0
digest: sha256:fb075e92287befb4aba7bde949334a4091bbd9a15d072825c9a1a273f9f6d9fd
generated: "2025-01-04T08:19:19.850836548+01:00"
